
Microsoft Visual Studio Solution File, Format Version 12.00
# Visual Studio Version 17
VisualStudioVersion = 17.5.33516.290
MinimumVisualStudioVersion = 10.0.40219.1
Project("{FAE04EC0-301F-11D3-BF4B-00C04F79EFBC}") = "Base64Encoder", "Base64Encoder.csproj", "{5FA6D5E0-2CC5-4A34-A0C5-D3F4B9BA7BBD}"
EndProject
Global
	GlobalSection(SolutionConfigurationPlatforms) = preSolution
		Debug|Any CPU = Debug|Any CPU
		Release|Any CPU = Release|Any CPU
	EndGlobalSection
	GlobalSection(ProjectConfigurationPlatforms) = postSolution
		{5FA6D5E0-2CC5-4A34-A0C5-D3F4B9BA7BBD}.Debug|Any CPU.ActiveCfg = Debug|Any CPU
		{5FA6D5E0-2CC5-4A34-A0C5-D3F4B9BA7BBD}.Debug|Any CPU.Build.0 = Debug|Any CPU
		{5FA6D5E0-2CC5-4A34-A0C5-D3F4B9BA7BBD}.Release|Any CPU.ActiveCfg = Release|Any CPU
		{5FA6D5E0-2CC5-4A34-A0C5-D3F4B9BA7BBD}.Release|Any CPU.Build.0 = Release|Any CPU
	EndGlobalSection
	GlobalSection(SolutionProperties) = preSolution
		HideSolutionNode = FALSE
	EndGlobalSection
	GlobalSection(ExtensibilityGlobals) = postSolution
		SolutionGuid = {ED6A2C9F-F33C-46F0-9813-44369C26B0A2}
	EndGlobalSection
EndGlobal
